
Microsoft Visual Studio Solution File, Format Version 12.00
# Visual Studio Version 17
VisualStudioVersion = 17.4.33110.190
MinimumVisualStudioVersion = 10.0.40219.1
Project("{F184B08F-C81C-45F6-A57F-5ABD9991F28F}") = "M001_Grundlagen", "Grundlagen\M001_Grundlagen.vbproj", "{3BE86611-7A2B-4C5C-B11F-542CBFA5D36B}"
EndProject
Project("{F184B08F-C81C-45F6-A57F-5ABD9991F28F}") = "Lab01_MiniRechner", "MiniRechner\Lab01_MiniRechner.vbproj", "{841B4E6C-2CC4-4EB8-B497-95540200ADAA}"
EndProject
Project("{F184B08F-C81C-45F6-A57F-5ABD9991F28F}") = "M002.1_Kontrollstrukturen", "Kontrollstrukturen\M002.1_Kontrollstrukturen.vbproj", "{4124F4D9-B394-42A8-93F6-FD76BB760009}"
EndProject
Project("{F184B08F-C81C-45F6-A57F-5ABD9991F28F}") = "M002.2_Zufallszahlenraten", "Zufallszahlenraten\M002.2_Zufallszahlenraten.vbproj", "{817DD5E5-B47A-4AA4-87C6-2161A3DB2CA6}"
EndProject
Project("{F184B08F-C81C-45F6-A57F-5ABD9991F28F}") = "Lab02_Lotto", "Lotto\Lab02_Lotto.vbproj", "{2954E5A7-34E7-4643-9BE6-1D7DF1E7BD30}"
EndProject
Project("{F184B08F-C81C-45F6-A57F-5ABD9991F28F}") = "M003_Enums", "Enums\M003_Enums.vbproj", "{9AB46A77-1369-4598-ABAD-9D82445B770B}"
EndProject
Project("{F184B08F-C81C-45F6-A57F-5ABD9991F28F}") = "M004_Funktionen_Prozeduren", "Funktionen_Prozeduren\M004_Funktionen_Prozeduren.vbproj", "{B367CAB1-FC7C-4EB3-80EE-98C64103B7E2}"
EndProject
Project("{F184B08F-C81C-45F6-A57F-5ABD9991F28F}") = "Lab04_Taschenrechner", "Taschenrechner\Lab04_Taschenrechner.vbproj", "{B69FAA18-FE6C-4B3C-8D07-C31D67D6803A}"
EndProject
Project("{F184B08F-C81C-45F6-A57F-5ABD9991F28F}") = "Fahrzeugpark", "Fahrzeugpark\Fahrzeugpark.vbproj", "{38BAE6A4-0446-41DC-B3A9-C72E039440E3}"
EndProject
Project("{F184B08F-C81C-45F6-A57F-5ABD9991F28F}") = "TesteFahrzeugpark", "TesteFahrzeugpark\TesteFahrzeugpark.vbproj", "{B677A4FB-C088-4E7C-B415-BA39DBB6E0B0}"
EndProject
Project("{F184B08F-C81C-45F6-A57F-5ABD9991F28F}") = "M006_WertVsRef", "WertVsRef\M006_WertVsRef.vbproj", "{A1AC636E-54C8-4EEE-8D49-0788FC2D114C}"
EndProject
Global
	GlobalSection(SolutionConfigurationPlatforms) = preSolution
		Debug|Any CPU = Debug|Any CPU
		Release|Any CPU = Release|Any CPU
	EndGlobalSection
	GlobalSection(ProjectConfigurationPlatforms) = postSolution
		{3BE86611-7A2B-4C5C-B11F-542CBFA5D36B}.Debug|Any CPU.ActiveCfg = Debug|Any CPU
		{3BE86611-7A2B-4C5C-B11F-542CBFA5D36B}.Debug|Any CPU.Build.0 = Debug|Any CPU
		{3BE86611-7A2B-4C5C-B11F-542CBFA5D36B}.Release|Any CPU.ActiveCfg = Release|Any CPU
		{3BE86611-7A2B-4C5C-B11F-542CBFA5D36B}.Release|Any CPU.Build.0 = Release|Any CPU
		{841B4E6C-2CC4-4EB8-B497-95540200ADAA}.Debug|Any CPU.ActiveCfg = Debug|Any CPU
		{841B4E6C-2CC4-4EB8-B497-95540200ADAA}.Debug|Any CPU.Build.0 = Debug|Any CPU
		{841B4E6C-2CC4-4EB8-B497-95540200ADAA}.Release|Any CPU.ActiveCfg = Release|Any CPU
		{841B4E6C-2CC4-4EB8-B497-95540200ADAA}.Release|Any CPU.Build.0 = Release|Any CPU
		{4124F4D9-B394-42A8-93F6-FD76BB760009}.Debug|Any CPU.ActiveCfg = Debug|Any CPU
		{4124F4D9-B394-42A8-93F6-FD76BB760009}.Debug|Any CPU.Build.0 = Debug|Any CPU
		{4124F4D9-B394-42A8-93F6-FD76BB760009}.Release|Any CPU.ActiveCfg = Release|Any CPU
		{4124F4D9-B394-42A8-93F6-FD76BB760009}.Release|Any CPU.Build.0 = Release|Any CPU
		{817DD5E5-B47A-4AA4-87C6-2161A3DB2CA6}.Debug|Any CPU.ActiveCfg = Debug|Any CPU
		{817DD5E5-B47A-4AA4-87C6-2161A3DB2CA6}.Debug|Any CPU.Build.0 = Debug|Any CPU
		{817DD5E5-B47A-4AA4-87C6-2161A3DB2CA6}.Release|Any CPU.ActiveCfg = Release|Any CPU
		{817DD5E5-B47A-4AA4-87C6-2161A3DB2CA6}.Release|Any CPU.Build.0 = Release|Any CPU
		{2954E5A7-34E7-4643-9BE6-1D7DF1E7BD30}.Debug|Any CPU.ActiveCfg = Debug|Any CPU
		{2954E5A7-34E7-4643-9BE6-1D7DF1E7BD30}.Debug|Any CPU.Build.0 = Debug|Any CPU
		{2954E5A7-34E7-4643-9BE6-1D7DF1E7BD30}.Release|Any CPU.ActiveCfg = Release|Any CPU
		{2954E5A7-34E7-4643-9BE6-1D7DF1E7BD30}.Release|Any CPU.Build.0 = Release|Any CPU
		{9AB46A77-1369-4598-ABAD-9D82445B770B}.Debug|Any CPU.ActiveCfg = Debug|Any CPU
		{9AB46A77-1369-4598-ABAD-9D82445B770B}.Debug|Any CPU.Build.0 = Debug|Any CPU
		{9AB46A77-1369-4598-ABAD-9D82445B770B}.Release|Any CPU.ActiveCfg = Release|Any CPU
		{9AB46A77-1369-4598-ABAD-9D82445B770B}.Release|Any CPU.Build.0 = Release|Any CPU
		{B367CAB1-FC7C-4EB3-80EE-98C64103B7E2}.Debug|Any CPU.ActiveCfg = Debug|Any CPU
		{B367CAB1-FC7C-4EB3-80EE-98C64103B7E2}.Debug|Any CPU.Build.0 = Debug|Any CPU
		{B367CAB1-FC7C-4EB3-80EE-98C64103B7E2}.Release|Any CPU.ActiveCfg = Release|Any CPU
		{B367CAB1-FC7C-4EB3-80EE-98C64103B7E2}.Release|Any CPU.Build.0 = Release|Any CPU
		{B69FAA18-FE6C-4B3C-8D07-C31D67D6803A}.Debug|Any CPU.ActiveCfg = Debug|Any CPU
		{B69FAA18-FE6C-4B3C-8D07-C31D67D6803A}.Debug|Any CPU.Build.0 = Debug|Any CPU
		{B69FAA18-FE6C-4B3C-8D07-C31D67D6803A}.Release|Any CPU.ActiveCfg = Release|Any CPU
		{B69FAA18-FE6C-4B3C-8D07-C31D67D6803A}.Release|Any CPU.Build.0 = Release|Any CPU
		{38BAE6A4-0446-41DC-B3A9-C72E039440E3}.Debug|Any CPU.ActiveCfg = Debug|Any CPU
		{38BAE6A4-0446-41DC-B3A9-C72E039440E3}.Debug|Any CPU.Build.0 = Debug|Any CPU
		{38BAE6A4-0446-41DC-B3A9-C72E039440E3}.Release|Any CPU.ActiveCfg = Release|Any CPU
		{38BAE6A4-0446-41DC-B3A9-C72E039440E3}.Release|Any CPU.Build.0 = Release|Any CPU
		{B677A4FB-C088-4E7C-B415-BA39DBB6E0B0}.Debug|Any CPU.ActiveCfg = Debug|Any CPU
		{B677A4FB-C088-4E7C-B415-BA39DBB6E0B0}.Debug|Any CPU.Build.0 = Debug|Any CPU
		{B677A4FB-C088-4E7C-B415-BA39DBB6E0B0}.Release|Any CPU.ActiveCfg = Release|Any CPU
		{B677A4FB-C088-4E7C-B415-BA39DBB6E0B0}.Release|Any CPU.Build.0 = Release|Any CPU
		{A1AC636E-54C8-4EEE-8D49-0788FC2D114C}.Debug|Any CPU.ActiveCfg = Debug|Any CPU
		{A1AC636E-54C8-4EEE-8D49-0788FC2D114C}.Debug|Any CPU.Build.0 = Debug|Any CPU
		{A1AC636E-54C8-4EEE-8D49-0788FC2D114C}.Release|Any CPU.ActiveCfg = Release|Any CPU
		{A1AC636E-54C8-4EEE-8D49-0788FC2D114C}.Release|Any CPU.Build.0 = Release|Any CPU
	EndGlobalSection
	GlobalSection(SolutionProperties) = preSolution
		HideSolutionNode = FALSE
	EndGlobalSection
	GlobalSection(ExtensibilityGlobals) = postSolution
		SolutionGuid = {14B92AEB-C13E-4EC7-A369-77AB70436748}
	EndGlobalSection
EndGlobal
